
Microsoft Visual Studio Solution File, Format Version 12.00
# Visual Studio Version 16
VisualStudioVersion = 16.0.30011.22
MinimumVisualStudioVersion = 10.0.40219.1
Project("{9A19103F-16F7-4668-BE54-9A1E7A4F7556}") = "SkillChat.Interface", "SkillChat.Interface\SkillChat.Interface.csproj", "{B53C727C-CC5B-4231-907A-0488ABA11D85}"
EndProject
Project("{9A19103F-16F7-4668-BE54-9A1E7A4F7556}") = "SkillChat.Server", "SkillChat.Server\SkillChat.Server.csproj", "{9D03A53B-F347-49B5-B1FB-B189985F2C12}"
EndProject
Project("{9A19103F-16F7-4668-BE54-9A1E7A4F7556}") = "SkillChat.Client.ViewModel", "SkillChat.Client.ViewModel\SkillChat.Client.ViewModel.csproj", "{02D4F61E-14D5-4D8F-A5AE-54F22FFE169A}"
EndProject
Project("{9A19103F-16F7-4668-BE54-9A1E7A4F7556}") = "SkillChat.Client", "SkillChat.Client\SkillChat.Client.csproj", "{DE04982F-8955-44EB-83CB-550E7D394957}"
EndProject
Project("{9A19103F-16F7-4668-BE54-9A1E7A4F7556}") = "SkillChat.Server.ServiceModel", "SkillChat.Server.ServiceModel\SkillChat.Server.ServiceModel.csproj", "{77B08FCF-A86D-4973-AA9C-4AABA2FA63A0}"
EndProject
Project("{9A19103F-16F7-4668-BE54-9A1E7A4F7556}") = "SkillChat.Server.ServiceInterface", "SkillChat.Server.ServiceInterface\SkillChat.Server.ServiceInterface.csproj", "{4309CE68-9495-4B10-9FB5-2F928F437E04}"
EndProject
Project("{9A19103F-16F7-4668-BE54-9A1E7A4F7556}") = "SkillChat.Server.Domain", "SkillChat.Server.Domain\SkillChat.Server.Domain.csproj", "{9CE8FD07-FBAF-4F41-ABE2-B2F253781C44}"
EndProject
Project("{E53339B2-1760-4266-BCC7-CA923CBCF16C}") = "docker-compose", "docker-compose.dcproj", "{3B31BDF8-CE3D-4E7F-BE8D-E60510DE5622}"
EndProject
Project("{9A19103F-16F7-4668-BE54-9A1E7A4F7556}") = "SkillChat.Server.Test", "SkillChat.Server.Test\SkillChat.Server.Test.csproj", "{3E5679C8-999B-4367-A9ED-5127F524F80D}"
EndProject
Global
	GlobalSection(SolutionConfigurationPlatforms) = preSolution
		Debug|Any CPU = Debug|Any CPU
		Release|Any CPU = Release|Any CPU
	EndGlobalSection
	GlobalSection(ProjectConfigurationPlatforms) = postSolution
		{B53C727C-CC5B-4231-907A-0488ABA11D85}.Debug|Any CPU.ActiveCfg = Debug|Any CPU
		{B53C727C-CC5B-4231-907A-0488ABA11D85}.Debug|Any CPU.Build.0 = Debug|Any CPU
		{B53C727C-CC5B-4231-907A-0488ABA11D85}.Release|Any CPU.ActiveCfg = Release|Any CPU
		{B53C727C-CC5B-4231-907A-0488ABA11D85}.Release|Any CPU.Build.0 = Release|Any CPU
		{9D03A53B-F347-49B5-B1FB-B189985F2C12}.Debug|Any CPU.ActiveCfg = Debug|Any CPU
		{9D03A53B-F347-49B5-B1FB-B189985F2C12}.Debug|Any CPU.Build.0 = Debug|Any CPU
		{9D03A53B-F347-49B5-B1FB-B189985F2C12}.Release|Any CPU.ActiveCfg = Release|Any CPU
		{9D03A53B-F347-49B5-B1FB-B189985F2C12}.Release|Any CPU.Build.0 = Release|Any CPU
		{02D4F61E-14D5-4D8F-A5AE-54F22FFE169A}.Debug|Any CPU.ActiveCfg = Debug|Any CPU
		{02D4F61E-14D5-4D8F-A5AE-54F22FFE169A}.Debug|Any CPU.Build.0 = Debug|Any CPU
		{02D4F61E-14D5-4D8F-A5AE-54F22FFE169A}.Release|Any CPU.ActiveCfg = Release|Any CPU
		{02D4F61E-14D5-4D8F-A5AE-54F22FFE169A}.Release|Any CPU.Build.0 = Release|Any CPU
		{DE04982F-8955-44EB-83CB-550E7D394957}.Debug|Any CPU.ActiveCfg = Debug|Any CPU
		{DE04982F-8955-44EB-83CB-550E7D394957}.Debug|Any CPU.Build.0 = Debug|Any CPU
		{DE04982F-8955-44EB-83CB-550E7D394957}.Release|Any CPU.ActiveCfg = Release|Any CPU
		{DE04982F-8955-44EB-83CB-550E7D394957}.Release|Any CPU.Build.0 = Release|Any CPU
		{77B08FCF-A86D-4973-AA9C-4AABA2FA63A0}.Debug|Any CPU.ActiveCfg = Debug|Any CPU
		{77B08FCF-A86D-4973-AA9C-4AABA2FA63A0}.Debug|Any CPU.Build.0 = Debug|Any CPU
		{77B08FCF-A86D-4973-AA9C-4AABA2FA63A0}.Release|Any CPU.ActiveCfg = Release|Any CPU
		{77B08FCF-A86D-4973-AA9C-4AABA2FA63A0}.Release|Any CPU.Build.0 = Release|Any CPU
		{4309CE68-9495-4B10-9FB5-2F928F437E04}.Debug|Any CPU.ActiveCfg = Debug|Any CPU
		{4309CE68-9495-4B10-9FB5-2F928F437E04}.Debug|Any CPU.Build.0 = Debug|Any CPU
		{4309CE68-9495-4B10-9FB5-2F928F437E04}.Release|Any CPU.ActiveCfg = Release|Any CPU
		{4309CE68-9495-4B10-9FB5-2F928F437E04}.Release|Any CPU.Build.0 = Release|Any CPU
		{9CE8FD07-FBAF-4F41-ABE2-B2F253781C44}.Debug|Any CPU.ActiveCfg = Debug|Any CPU
		{9CE8FD07-FBAF-4F41-ABE2-B2F253781C44}.Debug|Any CPU.Build.0 = Debug|Any CPU
		{9CE8FD07-FBAF-4F41-ABE2-B2F253781C44}.Release|Any CPU.ActiveCfg = Release|Any CPU
		{9CE8FD07-FBAF-4F41-ABE2-B2F253781C44}.Release|Any CPU.Build.0 = Release|Any CPU
		{3B31BDF8-CE3D-4E7F-BE8D-E60510DE5622}.Debug|Any CPU.ActiveCfg = Debug|Any CPU
		{3B31BDF8-CE3D-4E7F-BE8D-E60510DE5622}.Debug|Any CPU.Build.0 = Debug|Any CPU
		{3B31BDF8-CE3D-4E7F-BE8D-E60510DE5622}.Release|Any CPU.ActiveCfg = Release|Any CPU
		{3B31BDF8-CE3D-4E7F-BE8D-E60510DE5622}.Release|Any CPU.Build.0 = Release|Any CPU
		{3E5679C8-999B-4367-A9ED-5127F524F80D}.Debug|Any CPU.ActiveCfg = Debug|Any CPU
		{3E5679C8-999B-4367-A9ED-5127F524F80D}.Debug|Any CPU.Build.0 = Debug|Any CPU
		{3E5679C8-999B-4367-A9ED-5127F524F80D}.Release|Any CPU.ActiveCfg = Release|Any CPU
		{3E5679C8-999B-4367-A9ED-5127F524F80D}.Release|Any CPU.Build.0 = Release|Any CPU
	EndGlobalSection
	GlobalSection(SolutionProperties) = preSolution
		HideSolutionNode = FALSE
	EndGlobalSection
	GlobalSection(ExtensibilityGlobals) = postSolution
		SolutionGuid = {4D4EF7DC-5A8D-4B5A-AADD-29FA6868776A}
	EndGlobalSection
EndGlobal
